
Microsoft Visual Studio Solution File, Format Version 12.00
# Visual Studio Version 17
VisualStudioVersion = 17.3.32819.101
MinimumVisualStudioVersion = 10.0.40219.1
Project("{FAE04EC0-301F-11D3-BF4B-00C04F79EFBC}") = "CountingCharApp", "CountingCharApp\CountingCharApp.csproj", "{C95C79CD-A2D0-4128-865F-344CAAEC813A}"
EndProject
Global
	GlobalSection(SolutionConfigurationPlatforms) = preSolution
		Debug|Any CPU = Debug|Any CPU
		Release|Any CPU = Release|Any CPU
	EndGlobalSection
	GlobalSection(ProjectConfigurationPlatforms) = postSolution
		{C95C79CD-A2D0-4128-865F-344CAAEC813A}.Debug|Any CPU.ActiveCfg = Debug|Any CPU
		{C95C79CD-A2D0-4128-865F-344CAAEC813A}.Debug|Any CPU.Build.0 = Debug|Any CPU
		{C95C79CD-A2D0-4128-865F-344CAAEC813A}.Release|Any CPU.ActiveCfg = Release|Any CPU
		{C95C79CD-A2D0-4128-865F-344CAAEC813A}.Release|Any CPU.Build.0 = Release|Any CPU
	EndGlobalSection
	GlobalSection(SolutionProperties) = preSolution
		HideSolutionNode = FALSE
	EndGlobalSection
	GlobalSection(ExtensibilityGlobals) = postSolution
		SolutionGuid = {08097D09-3175-412C-AD6B-B0885D145E6B}
	EndGlobalSection
EndGlobal
